{
  "meteor": {},
  "dependencies": {
    "basePackages": {
      "bootstrap-updated": {},
      "iron-router": {},
      "reststop2": {}
    },
    "packages": {
      "bootstrap-updated": {
        "git": "https://github.com/Charuru/bootstrap-updated.git",
        "tag": "v1.0.1",
        "commit": "bdd5fcc8e134e62bcbb9d11aad8270534ffb6493"
      },
      "iron-router": {
        "git": "https://github.com/EventedMind/iron-router.git",
        "tag": "v0.7.1",
        "commit": "d1ffb3f06ea4c112132b030f2eb1a70b81675ecb"
      },
      "reststop2": {
        "git": "https://github.com/Differential/reststop2.git",
        "tag": "v0.5.9",
        "commit": "f006994d2505a0c68ea46c84ab0e3a9040641a9d"
      },
      "blaze-layout": {
        "git": "https://github.com/EventedMind/blaze-layout.git",
        "tag": "v0.2.4",
        "commit": "b40e9b0612329288d75cf52ad14a7da64bb8618f"
      }
    }
  }
}
